
Microsoft Visual Studio Solution File, Format Version 12.00
# Visual Studio Version 17
VisualStudioVersion = 17.4.33122.133
MinimumVisualStudioVersion = 10.0.40219.1
Project("{FAE04EC0-301F-11D3-BF4B-00C04F79EFBC}") = "SchoolHRAdministration", "SchoolHRAdministration\SchoolHRAdministration.csproj", "{4E2C02C5-8C89-43DE-B781-7CA2D4435793}"
EndProject
Project("{FAE04EC0-301F-11D3-BF4B-00C04F79EFBC}") = "HRAdministrationAPI", "HRAdministrationAPI\HRAdministrationAPI.csproj", "{30706804-CD57-40AA-87BE-72DF55F152B0}"
EndProject
Global
	GlobalSection(SolutionConfigurationPlatforms) = preSolution
		Debug|Any CPU = Debug|Any CPU
		Release|Any CPU = Release|Any CPU
	EndGlobalSection
	GlobalSection(ProjectConfigurationPlatforms) = postSolution
		{4E2C02C5-8C89-43DE-B781-7CA2D4435793}.Debug|Any CPU.ActiveCfg = Debug|Any CPU
		{4E2C02C5-8C89-43DE-B781-7CA2D4435793}.Debug|Any CPU.Build.0 = Debug|Any CPU
		{4E2C02C5-8C89-43DE-B781-7CA2D4435793}.Release|Any CPU.ActiveCfg = Release|Any CPU
		{4E2C02C5-8C89-43DE-B781-7CA2D4435793}.Release|Any CPU.Build.0 = Release|Any CPU
		{30706804-CD57-40AA-87BE-72DF55F152B0}.Debug|Any CPU.ActiveCfg = Debug|Any CPU
		{30706804-CD57-40AA-87BE-72DF55F152B0}.Debug|Any CPU.Build.0 = Debug|Any CPU
		{30706804-CD57-40AA-87BE-72DF55F152B0}.Release|Any CPU.ActiveCfg = Release|Any CPU
		{30706804-CD57-40AA-87BE-72DF55F152B0}.Release|Any CPU.Build.0 = Release|Any CPU
	EndGlobalSection
	GlobalSection(SolutionProperties) = preSolution
		HideSolutionNode = FALSE
	EndGlobalSection
	GlobalSection(ExtensibilityGlobals) = postSolution
		SolutionGuid = {ACAF3689-92FD-4459-806A-740D36A0DA1E}
	EndGlobalSection
EndGlobal
